
Microsoft Visual Studio Solution File, Format Version 12.00
# Visual Studio Version 17
VisualStudioVersion = 17.14.36414.22 d17.14
MinimumVisualStudioVersion = 10.0.40219.1
Project("{FAE04EC0-301F-11D3-BF4B-00C04F79EFBC}") = "MergeTest", "MergeTest\MergeTest.csproj", "{FF525393-E6DB-4EA2-A25C-0FC01382256C}"
EndProject
Global
	GlobalSection(SolutionConfigurationPlatforms) = preSolution
		Debug|Any CPU = Debug|Any CPU
		Release|Any CPU = Release|Any CPU
	EndGlobalSection
	GlobalSection(ProjectConfigurationPlatforms) = postSolution
		{FF525393-E6DB-4EA2-A25C-0FC01382256C}.Debug|Any CPU.ActiveCfg = Debug|Any CPU
		{FF525393-E6DB-4EA2-A25C-0FC01382256C}.Debug|Any CPU.Build.0 = Debug|Any CPU
		{FF525393-E6DB-4EA2-A25C-0FC01382256C}.Release|Any CPU.ActiveCfg = Release|Any CPU
		{FF525393-E6DB-4EA2-A25C-0FC01382256C}.Release|Any CPU.Build.0 = Release|Any CPU
	EndGlobalSection
	GlobalSection(SolutionProperties) = preSolution
		HideSolutionNode = FALSE
	EndGlobalSection
	GlobalSection(ExtensibilityGlobals) = postSolution
		SolutionGuid = {B7790162-3583-4647-9315-4156D29B0651}
	EndGlobalSection
EndGlobal
